
Microsoft Visual Studio Solution File, Format Version 12.00
# Visual Studio Version 17
VisualStudioVersion = 17.9.34714.143
MinimumVisualStudioVersion = 10.0.40219.1
Project("{FAE04EC0-301F-11D3-BF4B-00C04F79EFBC}") = "DapperApiCore", "DapperApiCore\DapperApiCore.csproj", "{90747EF9-0E88-4810-8D53-288785BCF5D8}"
EndProject
Global
	GlobalSection(SolutionConfigurationPlatforms) = preSolution
		Debug|Any CPU = Debug|Any CPU
		Release|Any CPU = Release|Any CPU
	EndGlobalSection
	GlobalSection(ProjectConfigurationPlatforms) = postSolution
		{90747EF9-0E88-4810-8D53-288785BCF5D8}.Debug|Any CPU.ActiveCfg = Debug|Any CPU
		{90747EF9-0E88-4810-8D53-288785BCF5D8}.Debug|Any CPU.Build.0 = Debug|Any CPU
		{90747EF9-0E88-4810-8D53-288785BCF5D8}.Release|Any CPU.ActiveCfg = Release|Any CPU
		{90747EF9-0E88-4810-8D53-288785BCF5D8}.Release|Any CPU.Build.0 = Release|Any CPU
	EndGlobalSection
	GlobalSection(SolutionProperties) = preSolution
		HideSolutionNode = FALSE
	EndGlobalSection
	GlobalSection(ExtensibilityGlobals) = postSolution
		SolutionGuid = {63805423-955F-4D8F-8A5D-F08C4E1320E4}
	EndGlobalSection
EndGlobal
