
Microsoft Visual Studio Solution File, Format Version 12.00
# Visual Studio Version 17
VisualStudioVersion = 17.9.34714.143
MinimumVisualStudioVersion = 10.0.40219.1
Project("{FAE04EC0-301F-11D3-BF4B-00C04F79EFBC}") = "CrudOperation", "CrudOperation.csproj", "{A48A21C8-7810-4190-8A66-A533D61E6FA3}"
EndProject
Global
	GlobalSection(SolutionConfigurationPlatforms) = preSolution
		Debug|Any CPU = Debug|Any CPU
		Release|Any CPU = Release|Any CPU
	EndGlobalSection
	GlobalSection(ProjectConfigurationPlatforms) = postSolution
		{A48A21C8-7810-4190-8A66-A533D61E6FA3}.Debug|Any CPU.ActiveCfg = Debug|Any CPU
		{A48A21C8-7810-4190-8A66-A533D61E6FA3}.Debug|Any CPU.Build.0 = Debug|Any CPU
		{A48A21C8-7810-4190-8A66-A533D61E6FA3}.Release|Any CPU.ActiveCfg = Release|Any CPU
		{A48A21C8-7810-4190-8A66-A533D61E6FA3}.Release|Any CPU.Build.0 = Release|Any CPU
	EndGlobalSection
	GlobalSection(SolutionProperties) = preSolution
		HideSolutionNode = FALSE
	EndGlobalSection
	GlobalSection(ExtensibilityGlobals) = postSolution
		SolutionGuid = {003B257E-F92F-4C24-BDB3-62630B155479}
	EndGlobalSection
EndGlobal
