
Microsoft Visual Studio Solution File, Format Version 12.00
# Visual Studio Version 17
VisualStudioVersion = 17.9.34714.143
MinimumVisualStudioVersion = 10.0.40219.1
Project("{FAE04EC0-301F-11D3-BF4B-00C04F79EFBC}") = "CRUD_ADO_DotNET", "CRUD_ADO_DotNET\CRUD_ADO_DotNET.csproj", "{F351878E-329D-4045-AF38-85CA6F0D7CDF}"
EndProject
Global
	GlobalSection(SolutionConfigurationPlatforms) = preSolution
		Debug|Any CPU = Debug|Any CPU
		Release|Any CPU = Release|Any CPU
	EndGlobalSection
	GlobalSection(ProjectConfigurationPlatforms) = postSolution
		{F351878E-329D-4045-AF38-85CA6F0D7CDF}.Debug|Any CPU.ActiveCfg = Debug|Any CPU
		{F351878E-329D-4045-AF38-85CA6F0D7CDF}.Debug|Any CPU.Build.0 = Debug|Any CPU
		{F351878E-329D-4045-AF38-85CA6F0D7CDF}.Release|Any CPU.ActiveCfg = Release|Any CPU
		{F351878E-329D-4045-AF38-85CA6F0D7CDF}.Release|Any CPU.Build.0 = Release|Any CPU
	EndGlobalSection
	GlobalSection(SolutionProperties) = preSolution
		HideSolutionNode = FALSE
	EndGlobalSection
	GlobalSection(ExtensibilityGlobals) = postSolution
		SolutionGuid = {02FCF2DB-B18D-430E-B1E7-543FDBE09926}
	EndGlobalSection
EndGlobal
