
Microsoft Visual Studio Solution File, Format Version 12.00
# Visual Studio Version 17
VisualStudioVersion = 17.9.34714.143
MinimumVisualStudioVersion = 10.0.40219.1
Project("{FAE04EC0-301F-11D3-BF4B-00C04F79EFBC}") = "ImageUploadingAndRetrievingDatabase", "ImageUploadingAndRetrievingDatabase\ImageUploadingAndRetrievingDatabase.csproj", "{0A451E6B-3DE4-4ECF-AEFF-CA267A3CEA17}"
EndProject
Global
	GlobalSection(SolutionConfigurationPlatforms) = preSolution
		Debug|Any CPU = Debug|Any CPU
		Release|Any CPU = Release|Any CPU
	EndGlobalSection
	GlobalSection(ProjectConfigurationPlatforms) = postSolution
		{0A451E6B-3DE4-4ECF-AEFF-CA267A3CEA17}.Debug|Any CPU.ActiveCfg = Debug|Any CPU
		{0A451E6B-3DE4-4ECF-AEFF-CA267A3CEA17}.Debug|Any CPU.Build.0 = Debug|Any CPU
		{0A451E6B-3DE4-4ECF-AEFF-CA267A3CEA17}.Release|Any CPU.ActiveCfg = Release|Any CPU
		{0A451E6B-3DE4-4ECF-AEFF-CA267A3CEA17}.Release|Any CPU.Build.0 = Release|Any CPU
	EndGlobalSection
	GlobalSection(SolutionProperties) = preSolution
		HideSolutionNode = FALSE
	EndGlobalSection
	GlobalSection(ExtensibilityGlobals) = postSolution
		SolutionGuid = {0ED2FA13-197E-424D-A9CA-930D9A7DC317}
	EndGlobalSection
EndGlobal
